
Microsoft Visual Studio Solution File, Format Version 12.00
# Visual Studio Version 17
VisualStudioVersion = 17.4.33103.184
MinimumVisualStudioVersion = 10.0.40219.1
Project("{FAE04EC0-301F-11D3-BF4B-00C04F79EFBC}") = "Attendance Management System API", "Attendance Management System API.csproj", "{EF926534-4499-4F89-A65A-A72B054B2809}"
EndProject
Project("{FAE04EC0-301F-11D3-BF4B-00C04F79EFBC}") = "Attendance Management System Data", "..\Attendance Management System Data\Attendance Management System Data.csproj", "{6354A94E-C497-4A01-AEB0-58C7A92788C9}"
EndProject
Project("{FAE04EC0-301F-11D3-BF4B-00C04F79EFBC}") = "Attendance Management System Domain", "..\Attendance Management System Domain\Attendance Management System Domain.csproj", "{F98A6ECC-F5D6-44E8-A4EF-577404FC0A0D}"
EndProject
Global
	GlobalSection(SolutionConfigurationPlatforms) = preSolution
		Debug|Any CPU = Debug|Any CPU
		Release|Any CPU = Release|Any CPU
	EndGlobalSection
	GlobalSection(ProjectConfigurationPlatforms) = postSolution
		{EF926534-4499-4F89-A65A-A72B054B2809}.Debug|Any CPU.ActiveCfg = Debug|Any CPU
		{EF926534-4499-4F89-A65A-A72B054B2809}.Debug|Any CPU.Build.0 = Debug|Any CPU
		{EF926534-4499-4F89-A65A-A72B054B2809}.Release|Any CPU.ActiveCfg = Release|Any CPU
		{EF926534-4499-4F89-A65A-A72B054B2809}.Release|Any CPU.Build.0 = Release|Any CPU
		{6354A94E-C497-4A01-AEB0-58C7A92788C9}.Debug|Any CPU.ActiveCfg = Debug|Any CPU
		{6354A94E-C497-4A01-AEB0-58C7A92788C9}.Debug|Any CPU.Build.0 = Debug|Any CPU
		{6354A94E-C497-4A01-AEB0-58C7A92788C9}.Release|Any CPU.ActiveCfg = Release|Any CPU
		{6354A94E-C497-4A01-AEB0-58C7A92788C9}.Release|Any CPU.Build.0 = Release|Any CPU
		{F98A6ECC-F5D6-44E8-A4EF-577404FC0A0D}.Debug|Any CPU.ActiveCfg = Debug|Any CPU
		{F98A6ECC-F5D6-44E8-A4EF-577404FC0A0D}.Debug|Any CPU.Build.0 = Debug|Any CPU
		{F98A6ECC-F5D6-44E8-A4EF-577404FC0A0D}.Release|Any CPU.ActiveCfg = Release|Any CPU
		{F98A6ECC-F5D6-44E8-A4EF-577404FC0A0D}.Release|Any CPU.Build.0 = Release|Any CPU
	EndGlobalSection
	GlobalSection(SolutionProperties) = preSolution
		HideSolutionNode = FALSE
	EndGlobalSection
	GlobalSection(ExtensibilityGlobals) = postSolution
		SolutionGuid = {AA2445EB-F8F6-41C3-9F0B-FF5766AF4EAA}
	EndGlobalSection
EndGlobal
